
Microsoft Visual Studio Solution File, Format Version 12.00
# Visual Studio Version 17
VisualStudioVersion = 17.11.35327.3
MinimumVisualStudioVersion = 10.0.40219.1
Project("{FAE04EC0-301F-11D3-BF4B-00C04F79EFBC}") = "evanbuildsworldsAPI", "evanbuildsworldsAPI.csproj", "{14E254C8-375E-47B7-8664-E82CE9499180}"
EndProject
Global
	GlobalSection(SolutionConfigurationPlatforms) = preSolution
		Debug|Any CPU = Debug|Any CPU
		Release|Any CPU = Release|Any CPU
	EndGlobalSection
	GlobalSection(ProjectConfigurationPlatforms) = postSolution
		{14E254C8-375E-47B7-8664-E82CE9499180}.Debug|Any CPU.ActiveCfg = Debug|Any CPU
		{14E254C8-375E-47B7-8664-E82CE9499180}.Debug|Any CPU.Build.0 = Debug|Any CPU
		{14E254C8-375E-47B7-8664-E82CE9499180}.Release|Any CPU.ActiveCfg = Release|Any CPU
		{14E254C8-375E-47B7-8664-E82CE9499180}.Release|Any CPU.Build.0 = Release|Any CPU
	EndGlobalSection
	GlobalSection(SolutionProperties) = preSolution
		HideSolutionNode = FALSE
	EndGlobalSection
	GlobalSection(ExtensibilityGlobals) = postSolution
		SolutionGuid = {6263ACD7-F534-4D07-9045-85E75BC9F783}
	EndGlobalSection
EndGlobal
